{
  "name": "playwright-zephyr-example",
  "version": "1.0.0",
  "lockfileVersion": 2,
  "requires": true,
  "packages": {
    "": {
      "name": "playwright-zephyr-example",
      "version": "1.0.0",
      "license": "MIT",
      "dependencies": {
        "@playwright/test": "^1.28.1",
        "prettier": "^2.8.0"
      },
      "devDependencies": {
        "playwright-zephyr": "^0.0.10"
      }
    },
    "node_modules/@playwright/test": {
      "version": "1.28.1",
      "resolved": "https://registry.npmjs.org/@playwright/test/-/test-1.28.1.tgz",
      "integrity": "sha512-xN6spdqrNlwSn9KabIhqfZR7IWjPpFK1835tFNgjrlysaSezuX8PYUwaz38V/yI8TJLG9PkAMEXoHRXYXlpTPQ==",
      "dependencies": {
        "@types/node": "*",
        "playwright-core": "1.28.1"
      },
      "bin": {
        "playwright": "cli.js"
      },
      "engines": {
        "node": ">=14"
      }
    },
    "node_modules/@types/node": {
      "version": "18.11.10",
      "resolved": "https://registry.npmjs.org/@types/node/-/node-18.11.10.tgz",
      "integrity": "sha512-juG3RWMBOqcOuXC643OAdSA525V44cVgGV6dUDuiFtss+8Fk5x1hI93Rsld43VeJVIeqlP9I7Fn9/qaVqoEAuQ=="
    },
    "node_modules/axios": {
      "version": "0.24.0",
      "resolved": "https://registry.npmjs.org/axios/-/axios-0.24.0.tgz",
      "integrity": "sha512-Q6cWsys88HoPgAaFAVUb0WpPk0O8iTeisR9IMqy9G8AbO4NlpVknrnQS03zzF9PGAWgO3cgletO3VjV/P7VztA==",
      "dev": true,
      "dependencies": {
        "follow-redirects": "^1.14.4"
      }
    },
    "node_modules/follow-redirects": {
      "version": "1.15.2",
      "resolved": "https://registry.npmjs.org/follow-redirects/-/follow-redirects-1.15.2.tgz",
      "integrity": "sha512-VQLG33o04KaQ8uYi2tVNbdrWp1QWxNNea+nmIB4EVM28v0hmP17z7aG1+wAkNzVq4KeXTq3221ye5qTJP91JwA==",
      "dev": true,
      "funding": [
        {
          "type": "individual",
          "url": "https://github.com/sponsors/RubenVerborgh"
        }
      ],
      "engines": {
        "node": ">=4.0"
      },
      "peerDependenciesMeta": {
        "debug": {
          "optional": true
        }
      }
    },
    "node_modules/picocolors": {
      "version": "1.0.0",
      "resolved": "https://registry.npmjs.org/picocolors/-/picocolors-1.0.0.tgz",
      "integrity": "sha512-1fygroTLlHu66zi26VoTDv8yRgm0Fccecssto+MhsZ0D/DGW2sm8E8AjW7NU5VVTRt5GxbeZ5qBuJr+HyLYkjQ==",
      "dev": true
    },
    "node_modules/playwright-core": {
      "version": "1.28.1",
      "resolved": "https://registry.npmjs.org/playwright-core/-/playwright-core-1.28.1.tgz",
      "integrity": "sha512-3PixLnGPno0E8rSBJjtwqTwJe3Yw72QwBBBxNoukIj3lEeBNXwbNiKrNuB1oyQgTBw5QHUhNO3SteEtHaMK6ag==",
      "bin": {
        "playwright": "cli.js"
      },
      "engines": {
        "node": ">=14"
      }
    },
    "node_modules/playwright-zephyr": {
      "version": "0.0.10",
      "resolved": "https://registry.npmjs.org/playwright-zephyr/-/playwright-zephyr-0.0.10.tgz",
      "integrity": "sha512-1fuiAcPQroZk7j/8vk4wYABg1o3is4n0o0/k7HOsLhr+/zx3SWiQ3JniObVijETf4WAXRpKfUgR3J2rBzhegDA==",
      "dev": true,
      "dependencies": {
        "axios": "^0.24.0",
        "picocolors": "^1.0.0"
      }
    },
    "node_modules/prettier": {
      "version": "2.8.0",
      "resolved": "https://registry.npmjs.org/prettier/-/prettier-2.8.0.tgz",
      "integrity": "sha512-9Lmg8hTFZKG0Asr/kW9Bp8tJjRVluO8EJQVfY2T7FMw9T5jy4I/Uvx0Rca/XWf50QQ1/SS48+6IJWnrb+2yemA==",
      "bin": {
        "prettier": "bin-prettier.js"
      },
      "engines": {
        "node": ">=10.13.0"
      },
      "funding": {
        "url": "https://github.com/prettier/prettier?sponsor=1"
      }
    }
  },
  "dependencies": {
    "@playwright/test": {
      "version": "1.28.1",
      "resolved": "https://registry.npmjs.org/@playwright/test/-/test-1.28.1.tgz",
      "integrity": "sha512-xN6spdqrNlwSn9KabIhqfZR7IWjPpFK1835tFNgjrlysaSezuX8PYUwaz38V/yI8TJLG9PkAMEXoHRXYXlpTPQ==",
      "requires": {
        "@types/node": "*",
        "playwright-core": "1.28.1"
      }
    },
    "@types/node": {
      "version": "18.11.10",
      "resolved": "https://registry.npmjs.org/@types/node/-/node-18.11.10.tgz",
      "integrity": "sha512-juG3RWMBOqcOuXC643OAdSA525V44cVgGV6dUDuiFtss+8Fk5x1hI93Rsld43VeJVIeqlP9I7Fn9/qaVqoEAuQ=="
    },
    "axios": {
      "version": "0.24.0",
      "resolved": "https://registry.npmjs.org/axios/-/axios-0.24.0.tgz",
      "integrity": "sha512-Q6cWsys88HoPgAaFAVUb0WpPk0O8iTeisR9IMqy9G8AbO4NlpVknrnQS03zzF9PGAWgO3cgletO3VjV/P7VztA==",
      "dev": true,
      "requires": {
        "follow-redirects": "^1.14.4"
      }
    },
    "follow-redirects": {
      "version": "1.15.2",
      "resolved": "https://registry.npmjs.org/follow-redirects/-/follow-redirects-1.15.2.tgz",
      "integrity": "sha512-VQLG33o04KaQ8uYi2tVNbdrWp1QWxNNea+nmIB4EVM28v0hmP17z7aG1+wAkNzVq4KeXTq3221ye5qTJP91JwA==",
      "dev": true
    },
    "picocolors": {
      "version": "1.0.0",
      "resolved": "https://registry.npmjs.org/picocolors/-/picocolors-1.0.0.tgz",
      "integrity": "sha512-1fygroTLlHu66zi26VoTDv8yRgm0Fccecssto+MhsZ0D/DGW2sm8E8AjW7NU5VVTRt5GxbeZ5qBuJr+HyLYkjQ==",
      "dev": true
    },
    "playwright-core": {
      "version": "1.28.1",
      "resolved": "https://registry.npmjs.org/playwright-core/-/playwright-core-1.28.1.tgz",
      "integrity": "sha512-3PixLnGPno0E8rSBJjtwqTwJe3Yw72QwBBBxNoukIj3lEeBNXwbNiKrNuB1oyQgTBw5QHUhNO3SteEtHaMK6ag=="
    },
    "playwright-zephyr": {
      "version": "0.0.10",
      "resolved": "https://registry.npmjs.org/playwright-zephyr/-/playwright-zephyr-0.0.10.tgz",
      "integrity": "sha512-1fuiAcPQroZk7j/8vk4wYABg1o3is4n0o0/k7HOsLhr+/zx3SWiQ3JniObVijETf4WAXRpKfUgR3J2rBzhegDA==",
      "dev": true,
      "requires": {
        "axios": "^0.24.0",
        "picocolors": "^1.0.0"
      }
    },
    "prettier": {
      "version": "2.8.0",
      "resolved": "https://registry.npmjs.org/prettier/-/prettier-2.8.0.tgz",
      "integrity": "sha512-9Lmg8hTFZKG0Asr/kW9Bp8tJjRVluO8EJQVfY2T7FMw9T5jy4I/Uvx0Rca/XWf50QQ1/SS48+6IJWnrb+2yemA=="
    }
  }
}
